
Microsoft Visual Studio Solution File, Format Version 12.00
# Visual Studio Version 17
VisualStudioVersion = 17.4.33213.308
MinimumVisualStudioVersion = 10.0.40219.1
Project("{2150E333-8FDC-42A3-9474-1A3956D46DE8}") = "00-Core", "00-Core", "{907CAC92-F0D9-4755-AFF6-555F60DAA2BD}"
EndProject
Project("{FAE04EC0-301F-11D3-BF4B-00C04F79EFBC}") = "Core.Persistencia", "Core.Persistencia\Core.Persistencia.csproj", "{3F4D5375-A712-4FF2-B679-7C1864E1A5DC}"
EndProject
Project("{FAE04EC0-301F-11D3-BF4B-00C04F79EFBC}") = "Core.Dominio", "Core.Dominio\Core.Dominio.csproj", "{7AE5063E-32A6-4F56-B8B6-5DA41329DB89}"
EndProject
Project("{FAE04EC0-301F-11D3-BF4B-00C04F79EFBC}") = "Core.Dominio.Entidades", "Core.Dominio.Entidades\Core.Dominio.Entidades.csproj", "{45D41EAA-BE87-40D7-BACF-315C28DF7B30}"
EndProject
Project("{FAE04EC0-301F-11D3-BF4B-00C04F79EFBC}") = "Core.Aplicacion", "Core.Aplicacion\Core.Aplicacion.csproj", "{FDF47689-97F7-478F-A3F4-22813064A783}"
EndProject
Project("{FAE04EC0-301F-11D3-BF4B-00C04F79EFBC}") = "Core.Aplicacion.Dto", "Core.Aplicacion.Dto\Core.Aplicacion.Dto.csproj", "{4AB1D4D4-A4BC-4A10-B952-7D5A7465F290}"
EndProject
Project("{2150E333-8FDC-42A3-9474-1A3956D46DE8}") = "99-Main", "99-Main", "{7BC3B8E3-5BA1-4FE1-90E4-37F847D861B6}"
EndProject
Project("{FAE04EC0-301F-11D3-BF4B-00C04F79EFBC}") = "Web", "Web\Web.csproj", "{41649CE6-3914-4282-ADD7-D7E4C6473027}"
EndProject
Project("{2150E333-8FDC-42A3-9474-1A3956D46DE8}") = "01-Tareo", "01-Tareo", "{E888D635-ED21-4C0C-AD4D-8A21830B7607}"
EndProject
Project("{FAE04EC0-301F-11D3-BF4B-00C04F79EFBC}") = "Tareo.Dominio", "Tareo.Dominio\Tareo.Dominio.csproj", "{30A69384-77E9-4C90-BF7B-2C80C5209854}"
EndProject
Project("{FAE04EC0-301F-11D3-BF4B-00C04F79EFBC}") = "Tareo.Dominio.Entidades", "Tareo.Dominio.Entidades\Tareo.Dominio.Entidades.csproj", "{7DD4AEB4-129F-4943-AC82-02797BA8055A}"
EndProject
Project("{FAE04EC0-301F-11D3-BF4B-00C04F79EFBC}") = "Tareo.Persistencia", "Tareo.Persistencia\Tareo.Persistencia.csproj", "{2408C76C-0E79-40D3-8A35-3D4A4F5C156E}"
EndProject
Project("{FAE04EC0-301F-11D3-BF4B-00C04F79EFBC}") = "Tareo.Transversal", "Tareo.Transversal\Tareo.Transversal.csproj", "{AB31877A-5A20-4FC5-A6E0-FAB0387D91E1}"
EndProject
Project("{FAE04EC0-301F-11D3-BF4B-00C04F79EFBC}") = "Tareo.Aplicacion.Dto", "Tareo.Aplicacion.Dto\Tareo.Aplicacion.Dto.csproj", "{7CC1F6B0-81FB-477A-8308-4339D1794435}"
EndProject
Project("{FAE04EC0-301F-11D3-BF4B-00C04F79EFBC}") = "Tareo.Aplication", "Tareo.Aplicacion\Tareo.Aplication.csproj", "{7C4265DD-B17D-4801-B81B-D4852B0F9C5B}"
EndProject
Project("{FAE04EC0-301F-11D3-BF4B-00C04F79EFBC}") = "Tareo.Aplicacion", "Tareo.Aplicacion\Tareo.Aplicacion.csproj", "{B45DA199-D19C-45FF-8BC1-90A2B306AE10}"
EndProject
Global
	GlobalSection(SolutionConfigurationPlatforms) = preSolution
		Debug|Any CPU = Debug|Any CPU
		Release|Any CPU = Release|Any CPU
	EndGlobalSection
	GlobalSection(ProjectConfigurationPlatforms) = postSolution
		{3F4D5375-A712-4FF2-B679-7C1864E1A5DC}.Debug|Any CPU.ActiveCfg = Debug|Any CPU
		{3F4D5375-A712-4FF2-B679-7C1864E1A5DC}.Debug|Any CPU.Build.0 = Debug|Any CPU
		{3F4D5375-A712-4FF2-B679-7C1864E1A5DC}.Release|Any CPU.ActiveCfg = Release|Any CPU
		{3F4D5375-A712-4FF2-B679-7C1864E1A5DC}.Release|Any CPU.Build.0 = Release|Any CPU
		{7AE5063E-32A6-4F56-B8B6-5DA41329DB89}.Debug|Any CPU.ActiveCfg = Debug|Any CPU
		{7AE5063E-32A6-4F56-B8B6-5DA41329DB89}.Debug|Any CPU.Build.0 = Debug|Any CPU
		{7AE5063E-32A6-4F56-B8B6-5DA41329DB89}.Release|Any CPU.ActiveCfg = Release|Any CPU
		{7AE5063E-32A6-4F56-B8B6-5DA41329DB89}.Release|Any CPU.Build.0 = Release|Any CPU
		{45D41EAA-BE87-40D7-BACF-315C28DF7B30}.Debug|Any CPU.ActiveCfg = Debug|Any CPU
		{45D41EAA-BE87-40D7-BACF-315C28DF7B30}.Debug|Any CPU.Build.0 = Debug|Any CPU
		{45D41EAA-BE87-40D7-BACF-315C28DF7B30}.Release|Any CPU.ActiveCfg = Release|Any CPU
		{45D41EAA-BE87-40D7-BACF-315C28DF7B30}.Release|Any CPU.Build.0 = Release|Any CPU
		{FDF47689-97F7-478F-A3F4-22813064A783}.Debug|Any CPU.ActiveCfg = Debug|Any CPU
		{FDF47689-97F7-478F-A3F4-22813064A783}.Debug|Any CPU.Build.0 = Debug|Any CPU
		{FDF47689-97F7-478F-A3F4-22813064A783}.Release|Any CPU.ActiveCfg = Release|Any CPU
		{FDF47689-97F7-478F-A3F4-22813064A783}.Release|Any CPU.Build.0 = Release|Any CPU
		{4AB1D4D4-A4BC-4A10-B952-7D5A7465F290}.Debug|Any CPU.ActiveCfg = Debug|Any CPU
		{4AB1D4D4-A4BC-4A10-B952-7D5A7465F290}.Debug|Any CPU.Build.0 = Debug|Any CPU
		{4AB1D4D4-A4BC-4A10-B952-7D5A7465F290}.Release|Any CPU.ActiveCfg = Release|Any CPU
		{4AB1D4D4-A4BC-4A10-B952-7D5A7465F290}.Release|Any CPU.Build.0 = Release|Any CPU
		{41649CE6-3914-4282-ADD7-D7E4C6473027}.Debug|Any CPU.ActiveCfg = Debug|Any CPU
		{41649CE6-3914-4282-ADD7-D7E4C6473027}.Debug|Any CPU.Build.0 = Debug|Any CPU
		{41649CE6-3914-4282-ADD7-D7E4C6473027}.Release|Any CPU.ActiveCfg = Release|Any CPU
		{41649CE6-3914-4282-ADD7-D7E4C6473027}.Release|Any CPU.Build.0 = Release|Any CPU
		{30A69384-77E9-4C90-BF7B-2C80C5209854}.Debug|Any CPU.ActiveCfg = Debug|Any CPU
		{30A69384-77E9-4C90-BF7B-2C80C5209854}.Debug|Any CPU.Build.0 = Debug|Any CPU
		{30A69384-77E9-4C90-BF7B-2C80C5209854}.Release|Any CPU.ActiveCfg = Release|Any CPU
		{30A69384-77E9-4C90-BF7B-2C80C5209854}.Release|Any CPU.Build.0 = Release|Any CPU
		{7DD4AEB4-129F-4943-AC82-02797BA8055A}.Debug|Any CPU.ActiveCfg = Debug|Any CPU
		{7DD4AEB4-129F-4943-AC82-02797BA8055A}.Debug|Any CPU.Build.0 = Debug|Any CPU
		{7DD4AEB4-129F-4943-AC82-02797BA8055A}.Release|Any CPU.ActiveCfg = Release|Any CPU
		{7DD4AEB4-129F-4943-AC82-02797BA8055A}.Release|Any CPU.Build.0 = Release|Any CPU
		{2408C76C-0E79-40D3-8A35-3D4A4F5C156E}.Debug|Any CPU.ActiveCfg = Debug|Any CPU
		{2408C76C-0E79-40D3-8A35-3D4A4F5C156E}.Debug|Any CPU.Build.0 = Debug|Any CPU
		{2408C76C-0E79-40D3-8A35-3D4A4F5C156E}.Release|Any CPU.ActiveCfg = Release|Any CPU
		{2408C76C-0E79-40D3-8A35-3D4A4F5C156E}.Release|Any CPU.Build.0 = Release|Any CPU
		{AB31877A-5A20-4FC5-A6E0-FAB0387D91E1}.Debug|Any CPU.ActiveCfg = Debug|Any CPU
		{AB31877A-5A20-4FC5-A6E0-FAB0387D91E1}.Debug|Any CPU.Build.0 = Debug|Any CPU
		{AB31877A-5A20-4FC5-A6E0-FAB0387D91E1}.Release|Any CPU.ActiveCfg = Release|Any CPU
		{AB31877A-5A20-4FC5-A6E0-FAB0387D91E1}.Release|Any CPU.Build.0 = Release|Any CPU
		{7CC1F6B0-81FB-477A-8308-4339D1794435}.Debug|Any CPU.ActiveCfg = Debug|Any CPU
		{7CC1F6B0-81FB-477A-8308-4339D1794435}.Debug|Any CPU.Build.0 = Debug|Any CPU
		{7CC1F6B0-81FB-477A-8308-4339D1794435}.Release|Any CPU.ActiveCfg = Release|Any CPU
		{7CC1F6B0-81FB-477A-8308-4339D1794435}.Release|Any CPU.Build.0 = Release|Any CPU
		{7C4265DD-B17D-4801-B81B-D4852B0F9C5B}.Debug|Any CPU.ActiveCfg = Debug|Any CPU
		{7C4265DD-B17D-4801-B81B-D4852B0F9C5B}.Debug|Any CPU.Build.0 = Debug|Any CPU
		{7C4265DD-B17D-4801-B81B-D4852B0F9C5B}.Release|Any CPU.ActiveCfg = Release|Any CPU
		{7C4265DD-B17D-4801-B81B-D4852B0F9C5B}.Release|Any CPU.Build.0 = Release|Any CPU
		{B45DA199-D19C-45FF-8BC1-90A2B306AE10}.Debug|Any CPU.ActiveCfg = Debug|Any CPU
		{B45DA199-D19C-45FF-8BC1-90A2B306AE10}.Debug|Any CPU.Build.0 = Debug|Any CPU
		{B45DA199-D19C-45FF-8BC1-90A2B306AE10}.Release|Any CPU.ActiveCfg = Release|Any CPU
		{B45DA199-D19C-45FF-8BC1-90A2B306AE10}.Release|Any CPU.Build.0 = Release|Any CPU
	EndGlobalSection
	GlobalSection(SolutionProperties) = preSolution
		HideSolutionNode = FALSE
	EndGlobalSection
	GlobalSection(NestedProjects) = preSolution
		{3F4D5375-A712-4FF2-B679-7C1864E1A5DC} = {907CAC92-F0D9-4755-AFF6-555F60DAA2BD}
		{7AE5063E-32A6-4F56-B8B6-5DA41329DB89} = {907CAC92-F0D9-4755-AFF6-555F60DAA2BD}
		{45D41EAA-BE87-40D7-BACF-315C28DF7B30} = {907CAC92-F0D9-4755-AFF6-555F60DAA2BD}
		{FDF47689-97F7-478F-A3F4-22813064A783} = {907CAC92-F0D9-4755-AFF6-555F60DAA2BD}
		{4AB1D4D4-A4BC-4A10-B952-7D5A7465F290} = {907CAC92-F0D9-4755-AFF6-555F60DAA2BD}
		{41649CE6-3914-4282-ADD7-D7E4C6473027} = {7BC3B8E3-5BA1-4FE1-90E4-37F847D861B6}
		{30A69384-77E9-4C90-BF7B-2C80C5209854} = {E888D635-ED21-4C0C-AD4D-8A21830B7607}
		{7DD4AEB4-129F-4943-AC82-02797BA8055A} = {E888D635-ED21-4C0C-AD4D-8A21830B7607}
		{2408C76C-0E79-40D3-8A35-3D4A4F5C156E} = {E888D635-ED21-4C0C-AD4D-8A21830B7607}
		{AB31877A-5A20-4FC5-A6E0-FAB0387D91E1} = {E888D635-ED21-4C0C-AD4D-8A21830B7607}
		{7CC1F6B0-81FB-477A-8308-4339D1794435} = {E888D635-ED21-4C0C-AD4D-8A21830B7607}
		{7C4265DD-B17D-4801-B81B-D4852B0F9C5B} = {E888D635-ED21-4C0C-AD4D-8A21830B7607}
		{B45DA199-D19C-45FF-8BC1-90A2B306AE10} = {E888D635-ED21-4C0C-AD4D-8A21830B7607}
	EndGlobalSection
	GlobalSection(ExtensibilityGlobals) = postSolution
		SolutionGuid = {86C47AF9-20DF-4C78-BAAC-313594E59484}
	EndGlobalSection
EndGlobal
